
Microsoft Visual Studio Solution File, Format Version 12.00
# Visual Studio 14
VisualStudioVersion = 14.0.25420.1
MinimumVisualStudioVersion = 10.0.40219.1
Project("{FAE04EC0-301F-11D3-BF4B-00C04F79EFBC}") = "Classes", "Classes\Classes.csproj", "{3677B038-FD91-4D4A-BF5D-009A471341ED}"
EndProject
Project("{FAE04EC0-301F-11D3-BF4B-00C04F79EFBC}") = "Models", "Models\Models.csproj", "{8E918EF8-2333-4302-AA1A-FD7FE94412EB}"
EndProject
Global
	GlobalSection(SolutionConfigurationPlatforms) = preSolution
		Debug|Any CPU = Debug|Any CPU
		Release|Any CPU = Release|Any CPU
	EndGlobalSection
	GlobalSection(ProjectConfigurationPlatforms) = postSolution
		{3677B038-FD91-4D4A-BF5D-009A471341ED}.Debug|Any CPU.ActiveCfg = Debug|Any CPU
		{3677B038-FD91-4D4A-BF5D-009A471341ED}.Debug|Any CPU.Build.0 = Debug|Any CPU
		{3677B038-FD91-4D4A-BF5D-009A471341ED}.Release|Any CPU.ActiveCfg = Release|Any CPU
		{3677B038-FD91-4D4A-BF5D-009A471341ED}.Release|Any CPU.Build.0 = Release|Any CPU
		{8E918EF8-2333-4302-AA1A-FD7FE94412EB}.Debug|Any CPU.ActiveCfg = Debug|Any CPU
		{8E918EF8-2333-4302-AA1A-FD7FE94412EB}.Debug|Any CPU.Build.0 = Debug|Any CPU
		{8E918EF8-2333-4302-AA1A-FD7FE94412EB}.Release|Any CPU.ActiveCfg = Release|Any CPU
		{8E918EF8-2333-4302-AA1A-FD7FE94412EB}.Release|Any CPU.Build.0 = Release|Any CPU
	EndGlobalSection
	GlobalSection(SolutionProperties) = preSolution
		HideSolutionNode = FALSE
	EndGlobalSection
EndGlobal
